
Microsoft Visual Studio Solution File, Format Version 12.00
# Visual Studio Version 16
VisualStudioVersion = 16.0.30011.22
MinimumVisualStudioVersion = 10.0.40219.1
Project("{FAE04EC0-301F-11D3-BF4B-00C04F79EFBC}") = "ModernWebStore.Domain", "ModernWebStore.Domain\ModernWebStore.Domain.csproj", "{8C8FD5BF-48E5-412F-BBE6-881316B961F6}"
EndProject
Project("{FAE04EC0-301F-11D3-BF4B-00C04F79EFBC}") = "ModernWebStore.Domain.Tests", "ModernWebStore.Domain.Tests\ModernWebStore.Domain.Tests.csproj", "{738ECBA9-C312-4391-817E-9E859CFF1781}"
EndProject
Project("{2150E333-8FDC-42A3-9474-1A3956D46DE8}") = "Domain", "Domain", "{ED923371-F5EF-4347-90D3-E41422ADA787}"
EndProject
Project("{FAE04EC0-301F-11D3-BF4B-00C04F79EFBC}") = "ModernWebStores.SharedKernel", "ModernWebStores.SharedKernel\ModernWebStores.SharedKernel.csproj", "{6F223CFF-FEA7-4A98-AFBB-433C09207023}"
EndProject
Global
	GlobalSection(SolutionConfigurationPlatforms) = preSolution
		Debug|Any CPU = Debug|Any CPU
		Release|Any CPU = Release|Any CPU
	EndGlobalSection
	GlobalSection(ProjectConfigurationPlatforms) = postSolution
		{8C8FD5BF-48E5-412F-BBE6-881316B961F6}.Debug|Any CPU.ActiveCfg = Debug|Any CPU
		{8C8FD5BF-48E5-412F-BBE6-881316B961F6}.Debug|Any CPU.Build.0 = Debug|Any CPU
		{8C8FD5BF-48E5-412F-BBE6-881316B961F6}.Release|Any CPU.ActiveCfg = Release|Any CPU
		{8C8FD5BF-48E5-412F-BBE6-881316B961F6}.Release|Any CPU.Build.0 = Release|Any CPU
		{738ECBA9-C312-4391-817E-9E859CFF1781}.Debug|Any CPU.ActiveCfg = Debug|Any CPU
		{738ECBA9-C312-4391-817E-9E859CFF1781}.Debug|Any CPU.Build.0 = Debug|Any CPU
		{738ECBA9-C312-4391-817E-9E859CFF1781}.Release|Any CPU.ActiveCfg = Release|Any CPU
		{738ECBA9-C312-4391-817E-9E859CFF1781}.Release|Any CPU.Build.0 = Release|Any CPU
		{6F223CFF-FEA7-4A98-AFBB-433C09207023}.Debug|Any CPU.ActiveCfg = Debug|Any CPU
		{6F223CFF-FEA7-4A98-AFBB-433C09207023}.Debug|Any CPU.Build.0 = Debug|Any CPU
		{6F223CFF-FEA7-4A98-AFBB-433C09207023}.Release|Any CPU.ActiveCfg = Release|Any CPU
		{6F223CFF-FEA7-4A98-AFBB-433C09207023}.Release|Any CPU.Build.0 = Release|Any CPU
	EndGlobalSection
	GlobalSection(SolutionProperties) = preSolution
		HideSolutionNode = FALSE
	EndGlobalSection
	GlobalSection(NestedProjects) = preSolution
		{8C8FD5BF-48E5-412F-BBE6-881316B961F6} = {ED923371-F5EF-4347-90D3-E41422ADA787}
		{6F223CFF-FEA7-4A98-AFBB-433C09207023} = {ED923371-F5EF-4347-90D3-E41422ADA787}
	EndGlobalSection
	GlobalSection(ExtensibilityGlobals) = postSolution
		SolutionGuid = {C1568E4D-EE09-42F5-84DE-75516CA00F03}
	EndGlobalSection
EndGlobal
